// !$*UTF8*$!
{
	archiveVersion = 1;
	classes = {
	};
	objectVersion = 56;
	objects = {

/* Begin PBXBuildFile section */
		8D76C46A2BD8FC8F00467CD1 /* AppDelegate.swift in Sources */ = {isa = PBXBuildFile; fileRef = 8D76C4692BD8FC8F00467CD1 /* AppDelegate.swift */; };
		8D76C46C2BD8FC8F00467CD1 /* SceneDelegate.swift in Sources */ = {isa = PBXBuildFile; fileRef = 8D76C46B2BD8FC8F00467CD1 /* SceneDelegate.swift */; };
		8D76C46E2BD8FC8F00467CD1 /* ViewController.swift in Sources */ = {isa = PBXBuildFile; fileRef = 8D76C46D2BD8FC8F00467CD1 /* ViewController.swift */; };
		8D76C4712BD8FC8F00467CD1 /* Main.storyboard in Resources */ = {isa = PBXBuildFile; fileRef = 8D76C46F2BD8FC8F00467CD1 /* Main.storyboard */; };
		8D76C4742BD8FC8F00467CD1 /* CombineIntro.xcdatamodeld in Sources */ = {isa = PBXBuildFile; fileRef = 8D76C4722BD8FC8F00467CD1 /* CombineIntro.xcdatamodeld */; };
		8D76C4762BD8FC9000467CD1 /* Assets.xcassets in Resources */ = {isa = PBXBuildFile; fileRef = 8D76C4752BD8FC9000467CD1 /* Assets.xcassets */; };
		8D76C4792BD8FC9000467CD1 /* LaunchScreen.storyboard in Resources */ = {isa = PBXBuildFile; fileRef = 8D76C4772BD8FC9000467CD1 /* LaunchScreen.storyboard */; };
		8D76C4842BD8FC9000467CD1 /* CombineIntroTests.swift in Sources */ = {isa = PBXBuildFile; fileRef = 8D76C4832BD8FC9000467CD1 /* CombineIntroTests.swift */; };
		8D76C48E2BD8FC9000467CD1 /* CombineIntroUITests.swift in Sources */ = {isa = PBXBuildFile; fileRef = 8D76C48D2BD8FC9000467CD1 /* CombineIntroUITests.swift */; };
		8D76C4902BD8FC9000467CD1 /* CombineIntroUITestsLaunchTests.swift in Sources */ = {isa = PBXBuildFile; fileRef = 8D76C48F2BD8FC9000467CD1 /* CombineIntroUITestsLaunchTests.swift */; };
		8D76C49D2BD8FE3C00467CD1 /* ApiCaller.swift in Sources */ = {isa = PBXBuildFile; fileRef = 8D76C49C2BD8FE3C00467CD1 /* ApiCaller.swift */; };
/* End PBXBuildFile section */

/* Begin PBXContainerItemProxy section */
		8D76C4802BD8FC9000467CD1 /* PBXContainerItemProxy */ = {
			isa = PBXContainerItemProxy;
			containerPortal = 8D76C45E2BD8FC8F00467CD1 /* Project object */;
			proxyType = 1;
			remoteGlobalIDString = 8D76C4652BD8FC8F00467CD1;
			remoteInfo = CombineIntro;
		};
		8D76C48A2BD8FC9000467CD1 /* PBXContainerItemProxy */ = {
			isa = PBXContainerItemProxy;
			containerPortal = 8D76C45E2BD8FC8F00467CD1 /* Project object */;
			proxyType = 1;
			remoteGlobalIDString = 8D76C4652BD8FC8F00467CD1;
			remoteInfo = CombineIntro;
		};
/* End PBXContainerItemProxy section */

/* Begin PBXFileReference section */
		8D76C4662BD8FC8F00467CD1 /* CombineIntro.app */ = {isa = PBXFileReference; explicitFileType = wrapper.application; includeInIndex = 0; path = CombineIntro.app; sourceTree = BUILT_PRODUCTS_DIR; };
		8D76C4692BD8FC8F00467CD1 /* AppDelegate.swift */ = {isa = PBXFileReference; lastKnownFileType = sourcecode.swift; path = AppDelegate.swift; sourceTree = "<group>"; };
		8D76C46B2BD8FC8F00467CD1 /* SceneDelegate.swift */ = {isa = PBXFileReference; lastKnownFileType = sourcecode.swift; path = SceneDelegate.swift; sourceTree = "<group>"; };
		8D76C46D2BD8FC8F00467CD1 /* ViewController.swift */ = {isa = PBXFileReference; lastKnownFileType = sourcecode.swift; path = ViewController.swift; sourceTree = "<group>"; };
		8D76C4702BD8FC8F00467CD1 /* Base */ = {isa = PBXFileReference; lastKnownFileType = file.storyboard; name = Base; path = Base.lproj/Main.storyboard; sourceTree = "<group>"; };
		8D76C4732BD8FC8F00467CD1 /* CombineIntro.xcdatamodel */ = {isa = PBXFileReference; lastKnownFileType = wrapper.xcdatamodel; path = CombineIntro.xcdatamodel; sourceTree = "<group>"; };
		8D76C4752BD8FC9000467CD1 /* Assets.xcassets */ = {isa = PBXFileReference; lastKnownFileType = folder.assetcatalog; path = Assets.xcassets; sourceTree = "<group>"; };
		8D76C4782BD8FC9000467CD1 /* Base */ = {isa = PBXFileReference; lastKnownFileType = file.storyboard; name = Base; path = Base.lproj/LaunchScreen.storyboard; sourceTree = "<group>"; };
		8D76C47A2BD8FC9000467CD1 /* Info.plist */ = {isa = PBXFileReference; lastKnownFileType = text.plist.xml; path = Info.plist; sourceTree = "<group>"; };
		8D76C47F2BD8FC9000467CD1 /* CombineIntroTests.xctest */ = {isa = PBXFileReference; explicitFileType = wrapper.cfbundle; includeInIndex = 0; path = CombineIntroTests.xctest; sourceTree = BUILT_PRODUCTS_DIR; };
		8D76C4832BD8FC9000467CD1 /* CombineIntroTests.swift */ = {isa = PBXFileReference; lastKnownFileType = sourcecode.swift; path = CombineIntroTests.swift; sourceTree = "<group>"; };
		8D76C4892BD8FC9000467CD1 /* CombineIntroUITests.xctest */ = {isa = PBXFileReference; explicitFileType = wrapper.cfbundle; includeInIndex = 0; path = CombineIntroUITests.xctest; sourceTree = BUILT_PRODUCTS_DIR; };
		8D76C48D2BD8FC9000467CD1 /* CombineIntroUITests.swift */ = {isa = PBXFileReference; lastKnownFileType = sourcecode.swift; path = CombineIntroUITests.swift; sourceTree = "<group>"; };
		8D76C48F2BD8FC9000467CD1 /* CombineIntroUITestsLaunchTests.swift */ = {isa = PBXFileReference; lastKnownFileType = sourcecode.swift; path = CombineIntroUITestsLaunchTests.swift; sourceTree = "<group>"; };
		8D76C49C2BD8FE3C00467CD1 /* ApiCaller.swift */ = {isa = PBXFileReference; lastKnownFileType = sourcecode.swift; path = ApiCaller.swift; sourceTree = "<group>"; };
/* End PBXFileReference section */

/* Begin PBXFrameworksBuildPhase section */
		8D76C4632BD8FC8F00467CD1 /* Frameworks */ = {
			isa = PBXFrameworksBuildPhase;
			buildActionMask = 2147483647;
			files = (
			);
			runOnlyForDeploymentPostprocessing = 0;
		};
		8D76C47C2BD8FC9000467CD1 /* Frameworks */ = {
			isa = PBXFrameworksBuildPhase;
			buildActionMask = 2147483647;
			files = (
			);
			runOnlyForDeploymentPostprocessing = 0;
		};
		8D76C4862BD8FC9000467CD1 /* Frameworks */ = {
			isa = PBXFrameworksBuildPhase;
			buildActionMask = 2147483647;
			files = (
			);
			runOnlyForDeploymentPostprocessing = 0;
		};
/* End PBXFrameworksBuildPhase section */

/* Begin PBXGroup section */
		8D76C45D2BD8FC8F00467CD1 = {
			isa = PBXGroup;
			children = (
				8D76C4682BD8FC8F00467CD1 /* CombineIntro */,
				8D76C4822BD8FC9000467CD1 /* CombineIntroTests */,
				8D76C48C2BD8FC9000467CD1 /* CombineIntroUITests */,
				8D76C4672BD8FC8F00467CD1 /* Products */,
			);
			sourceTree = "<group>";
		};
		8D76C4672BD8FC8F00467CD1 /* Products */ = {
			isa = PBXGroup;
			children = (
				8D76C4662BD8FC8F00467CD1 /* CombineIntro.app */,
				8D76C47F2BD8FC9000467CD1 /* CombineIntroTests.xctest */,
				8D76C4892BD8FC9000467CD1 /* CombineIntroUITests.xctest */,
			);
			name = Products;
			sourceTree = "<group>";
		};
		8D76C4682BD8FC8F00467CD1 /* CombineIntro */ = {
			isa = PBXGroup;
			children = (
				8D76C4692BD8FC8F00467CD1 /* AppDelegate.swift */,
				8D76C46B2BD8FC8F00467CD1 /* SceneDelegate.swift */,
				8D76C46D2BD8FC8F00467CD1 /* ViewController.swift */,
				8D76C46F2BD8FC8F00467CD1 /* Main.storyboard */,
				8D76C4752BD8FC9000467CD1 /* Assets.xcassets */,
				8D76C4772BD8FC9000467CD1 /* LaunchScreen.storyboard */,
				8D76C47A2BD8FC9000467CD1 /* Info.plist */,
				8D76C4722BD8FC8F00467CD1 /* CombineIntro.xcdatamodeld */,
				8D76C49C2BD8FE3C00467CD1 /* ApiCaller.swift */,
			);
			path = CombineIntro;
			sourceTree = "<group>";
		};
		8D76C4822BD8FC9000467CD1 /* CombineIntroTests */ = {
			isa = PBXGroup;
			children = (
				8D76C4832BD8FC9000467CD1 /* CombineIntroTests.swift */,
			);
			path = CombineIntroTests;
			sourceTree = "<group>";
		};
		8D76C48C2BD8FC9000467CD1 /* CombineIntroUITests */ = {
			isa = PBXGroup;
			children = (
				8D76C48D2BD8FC9000467CD1 /* CombineIntroUITests.swift */,
				8D76C48F2BD8FC9000467CD1 /* CombineIntroUITestsLaunchTests.swift */,
			);
			path = CombineIntroUITests;
			sourceTree = "<group>";
		};
/* End PBXGroup section */

/* Begin PBXNativeTarget section */
		8D76C4652BD8FC8F00467CD1 /* CombineIntro */ = {
			isa = PBXNativeTarget;
			buildConfigurationList = 8D76C4932BD8FC9000467CD1 /* Build configuration list for PBXNativeTarget "CombineIntro" */;
			buildPhases = (
				8D76C4622BD8FC8F00467CD1 /* Sources */,
				8D76C4632BD8FC8F00467CD1 /* Frameworks */,
				8D76C4642BD8FC8F00467CD1 /* Resources */,
			);
			buildRules = (
			);
			dependencies = (
			);
			name = CombineIntro;
			productName = CombineIntro;
			productReference = 8D76C4662BD8FC8F00467CD1 /* CombineIntro.app */;
			productType = "com.apple.product-type.application";
		};
		8D76C47E2BD8FC9000467CD1 /* CombineIntroTests */ = {
			isa = PBXNativeTarget;
			buildConfigurationList = 8D76C4962BD8FC9000467CD1 /* Build configuration list for PBXNativeTarget "CombineIntroTests" */;
			buildPhases = (
				8D76C47B2BD8FC9000467CD1 /* Sources */,
				8D76C47C2BD8FC9000467CD1 /* Frameworks */,
				8D76C47D2BD8FC9000467CD1 /* Resources */,
			);
			buildRules = (
			);
			dependencies = (
				8D76C4812BD8FC9000467CD1 /* PBXTargetDependency */,
			);
			name = CombineIntroTests;
			productName = CombineIntroTests;
			productReference = 8D76C47F2BD8FC9000467CD1 /* CombineIntroTests.xctest */;
			productType = "com.apple.product-type.bundle.unit-test";
		};
		8D76C4882BD8FC9000467CD1 /* CombineIntroUITests */ = {
			isa = PBXNativeTarget;
			buildConfigurationList = 8D76C4992BD8FC9000467CD1 /* Build configuration list for PBXNativeTarget "CombineIntroUITests" */;
			buildPhases = (
				8D76C4852BD8FC9000467CD1 /* Sources */,
				8D76C4862BD8FC9000467CD1 /* Frameworks */,
				8D76C4872BD8FC9000467CD1 /* Resources */,
			);
			buildRules = (
			);
			dependencies = (
				8D76C48B2BD8FC9000467CD1 /* PBXTargetDependency */,
			);
			name = CombineIntroUITests;
			productName = CombineIntroUITests;
			productReference = 8D76C4892BD8FC9000467CD1 /* CombineIntroUITests.xctest */;
			productType = "com.apple.product-type.bundle.ui-testing";
		};
/* End PBXNativeTarget section */

/* Begin PBXProject section */
		8D76C45E2BD8FC8F00467CD1 /* Project object */ = {
			isa = PBXProject;
			attributes = {
				BuildIndependentTargetsInParallel = 1;
				LastSwiftUpdateCheck = 1520;
				LastUpgradeCheck = 1520;
				TargetAttributes = {
					8D76C4652BD8FC8F00467CD1 = {
						CreatedOnToolsVersion = 15.2;
					};
					8D76C47E2BD8FC9000467CD1 = {
						CreatedOnToolsVersion = 15.2;
						TestTargetID = 8D76C4652BD8FC8F00467CD1;
					};
					8D76C4882BD8FC9000467CD1 = {
						CreatedOnToolsVersion = 15.2;
						TestTargetID = 8D76C4652BD8FC8F00467CD1;
					};
				};
			};
			buildConfigurationList = 8D76C4612BD8FC8F00467CD1 /* Build configuration list for PBXProject "CombineIntro" */;
			compatibilityVersion = "Xcode 14.0";
			developmentRegion = en;
			hasScannedForEncodings = 0;
			knownRegions = (
				en,
				Base,
			);
			mainGroup = 8D76C45D2BD8FC8F00467CD1;
			productRefGroup = 8D76C4672BD8FC8F00467CD1 /* Products */;
			projectDirPath = "";
			projectRoot = "";
			targets = (
				8D76C4652BD8FC8F00467CD1 /* CombineIntro */,
				8D76C47E2BD8FC9000467CD1 /* CombineIntroTests */,
				8D76C4882BD8FC9000467CD1 /* CombineIntroUITests */,
			);
		};
/* End PBXProject section */

/* Begin PBXResourcesBuildPhase section */
		8D76C4642BD8FC8F00467CD1 /* Resources */ = {
			isa = PBXResourcesBuildPhase;
			buildActionMask = 2147483647;
			files = (
				8D76C4792BD8FC9000467CD1 /* LaunchScreen.storyboard in Resources */,
				8D76C4762BD8FC9000467CD1 /* Assets.xcassets in Resources */,
				8D76C4712BD8FC8F00467CD1 /* Main.storyboard in Resources */,
			);
			runOnlyForDeploymentPostprocessing = 0;
		};
		8D76C47D2BD8FC9000467CD1 /* Resources */ = {
			isa = PBXResourcesBuildPhase;
			buildActionMask = 2147483647;
			files = (
			);
			runOnlyForDeploymentPostprocessing = 0;
		};
		8D76C4872BD8FC9000467CD1 /* Resources */ = {
			isa = PBXResourcesBuildPhase;
			buildActionMask = 2147483647;
			files = (
			);
			runOnlyForDeploymentPostprocessing = 0;
		};
/* End PBXResourcesBuildPhase section */

/* Begin PBXSourcesBuildPhase section */
		8D76C4622BD8FC8F00467CD1 /* Sources */ = {
			isa = PBXSourcesBuildPhase;
			buildActionMask = 2147483647;
			files = (
				8D76C46E2BD8FC8F00467CD1 /* ViewController.swift in Sources */,
				8D76C46A2BD8FC8F00467CD1 /* AppDelegate.swift in Sources */,
				8D76C4742BD8FC8F00467CD1 /* CombineIntro.xcdatamodeld in Sources */,
				8D76C46C2BD8FC8F00467CD1 /* SceneDelegate.swift in Sources */,
				8D76C49D2BD8FE3C00467CD1 /* ApiCaller.swift in Sources */,
			);
			runOnlyForDeploymentPostprocessing = 0;
		};
		8D76C47B2BD8FC9000467CD1 /* Sources */ = {
			isa = PBXSourcesBuildPhase;
			buildActionMask = 2147483647;
			files = (
				8D76C4842BD8FC9000467CD1 /* CombineIntroTests.swift in Sources */,
			);
			runOnlyForDeploymentPostprocessing = 0;
		};
		8D76C4852BD8FC9000467CD1 /* Sources */ = {
			isa = PBXSourcesBuildPhase;
			buildActionMask = 2147483647;
			files = (
				8D76C48E2BD8FC9000467CD1 /* CombineIntroUITests.swift in Sources */,
				8D76C4902BD8FC9000467CD1 /* CombineIntroUITestsLaunchTests.swift in Sources */,
			);
			runOnlyForDeploymentPostprocessing = 0;
		};
/* End PBXSourcesBuildPhase section */

/* Begin PBXTargetDependency section */
		8D76C4812BD8FC9000467CD1 /* PBXTargetDependency */ = {
			isa = PBXTargetDependency;
			target = 8D76C4652BD8FC8F00467CD1 /* CombineIntro */;
			targetProxy = 8D76C4802BD8FC9000467CD1 /* PBXContainerItemProxy */;
		};
		8D76C48B2BD8FC9000467CD1 /* PBXTargetDependency */ = {
			isa = PBXTargetDependency;
			target = 8D76C4652BD8FC8F00467CD1 /* CombineIntro */;
			targetProxy = 8D76C48A2BD8FC9000467CD1 /* PBXContainerItemProxy */;
		};
/* End PBXTargetDependency section */

/* Begin PBXVariantGroup section */
		8D76C46F2BD8FC8F00467CD1 /* Main.storyboard */ = {
			isa = PBXVariantGroup;
			children = (
				8D76C4702BD8FC8F00467CD1 /* Base */,
			);
			name = Main.storyboard;
			sourceTree = "<group>";
		};
		8D76C4772BD8FC9000467CD1 /* LaunchScreen.storyboard */ = {
			isa = PBXVariantGroup;
			children = (
				8D76C4782BD8FC9000467CD1 /* Base */,
			);
			name = LaunchScreen.storyboard;
			sourceTree = "<group>";
		};
/* End PBXVariantGroup section */

/* Begin XCBuildConfiguration section */
		8D76C4912BD8FC9000467CD1 /* Debug */ = {
			isa = XCBuildConfiguration;
			buildSettings = {
				ALWAYS_SEARCH_USER_PATHS = NO;
				ASSETCATALOG_COMPILER_GENERATE_SWIFT_ASSET_SYMBOL_EXTENSIONS = YES;
				CLANG_ANALYZER_NONNULL = YES;
				CLANG_ANALYZER_NUMBER_OBJECT_CONVERSION = YES_AGGRESSIVE;
				CLANG_CXX_LANGUAGE_STANDARD = "gnu++20";
				CLANG_ENABLE_MODULES = YES;
				CLANG_ENABLE_OBJC_ARC = YES;
				CLANG_ENABLE_OBJC_WEAK = YES;
				CLANG_WARN_BLOCK_CAPTURE_AUTORELEASING = YES;
				CLANG_WARN_BOOL_CONVERSION = YES;
				CLANG_WARN_COMMA = YES;
				CLANG_WARN_CONSTANT_CONVERSION = YES;
				CLANG_WARN_DEPRECATED_OBJC_IMPLEMENTATIONS = YES;
				CLANG_WARN_DIRECT_OBJC_ISA_USAGE = YES_ERROR;
				CLANG_WARN_DOCUMENTATION_COMMENTS = YES;
				CLANG_WARN_EMPTY_BODY = YES;
				CLANG_WARN_ENUM_CONVERSION = YES;
				CLANG_WARN_INFINITE_RECURSION = YES;
				CLANG_WARN_INT_CONVERSION = YES;
				CLANG_WARN_NON_LITERAL_NULL_CONVERSION = YES;
				CLANG_WARN_OBJC_IMPLICIT_RETAIN_SELF = YES;
				CLANG_WARN_OBJC_LITERAL_CONVERSION = YES;
				CLANG_WARN_OBJC_ROOT_CLASS = YES_ERROR;
				CLANG_WARN_QUOTED_INCLUDE_IN_FRAMEWORK_HEADER = YES;
				CLANG_WARN_RANGE_LOOP_ANALYSIS = YES;
				CLANG_WARN_STRICT_PROTOTYPES = YES;
				CLANG_WARN_SUSPICIOUS_MOVE = YES;
				CLANG_WARN_UNGUARDED_AVAILABILITY = YES_AGGRESSIVE;
				CLANG_WARN_UNREACHABLE_CODE = YES;
				CLANG_WARN__DUPLICATE_METHOD_MATCH = YES;
				COPY_PHASE_STRIP = NO;
				DEBUG_INFORMATION_FORMAT = dwarf;
				ENABLE_STRICT_OBJC_MSGSEND = YES;
				ENABLE_TESTABILITY = YES;
				ENABLE_USER_SCRIPT_SANDBOXING = YES;
				GCC_C_LANGUAGE_STANDARD = gnu17;
				GCC_DYNAMIC_NO_PIC = NO;
				GCC_NO_COMMON_BLOCKS = YES;
				GCC_OPTIMIZATION_LEVEL = 0;
				GCC_PREPROCESSOR_DEFINITIONS = (
					"DEBUG=1",
					"$(inherited)",
				);
				GCC_WARN_64_TO_32_BIT_CONVERSION = YES;
				GCC_WARN_ABOUT_RETURN_TYPE = YES_ERROR;
				GCC_WARN_UNDECLARED_SELECTOR = YES;
				GCC_WARN_UNINITIALIZED_AUTOS = YES_AGGRESSIVE;
				GCC_WARN_UNUSED_FUNCTION = YES;
				GCC_WARN_UNUSED_VARIABLE = YES;
				IPHONEOS_DEPLOYMENT_TARGET = 17.2;
				LOCALIZATION_PREFERS_STRING_CATALOGS = YES;
				MTL_ENABLE_DEBUG_INFO = INCLUDE_SOURCE;
				MTL_FAST_MATH = YES;
				ONLY_ACTIVE_ARCH = YES;
				SDKROOT = iphoneos;
				SWIFT_ACTIVE_COMPILATION_CONDITIONS = "DEBUG $(inherited)";
				SWIFT_OPTIMIZATION_LEVEL = "-Onone";
			};
			name = Debug;
		};
		8D76C4922BD8FC9000467CD1 /* Release */ = {
			isa = XCBuildConfiguration;
			buildSettings = {
				ALWAYS_SEARCH_USER_PATHS = NO;
				ASSETCATALOG_COMPILER_GENERATE_SWIFT_ASSET_SYMBOL_EXTENSIONS = YES;
				CLANG_ANALYZER_NONNULL = YES;
				CLANG_ANALYZER_NUMBER_OBJECT_CONVERSION = YES_AGGRESSIVE;
				CLANG_CXX_LANGUAGE_STANDARD = "gnu++20";
				CLANG_ENABLE_MODULES = YES;
				CLANG_ENABLE_OBJC_ARC = YES;
				CLANG_ENABLE_OBJC_WEAK = YES;
				CLANG_WARN_BLOCK_CAPTURE_AUTORELEASING = YES;
				CLANG_WARN_BOOL_CONVERSION = YES;
				CLANG_WARN_COMMA = YES;
				CLANG_WARN_CONSTANT_CONVERSION = YES;
				CLANG_WARN_DEPRECATED_OBJC_IMPLEMENTATIONS = YES;
				CLANG_WARN_DIRECT_OBJC_ISA_USAGE = YES_ERROR;
				CLANG_WARN_DOCUMENTATION_COMMENTS = YES;
				CLANG_WARN_EMPTY_BODY = YES;
				CLANG_WARN_ENUM_CONVERSION = YES;
				CLANG_WARN_INFINITE_RECURSION = YES;
				CLANG_WARN_INT_CONVERSION = YES;
				CLANG_WARN_NON_LITERAL_NULL_CONVERSION = YES;
				CLANG_WARN_OBJC_IMPLICIT_RETAIN_SELF = YES;
				CLANG_WARN_OBJC_LITERAL_CONVERSION = YES;
				CLANG_WARN_OBJC_ROOT_CLASS = YES_ERROR;
				CLANG_WARN_QUOTED_INCLUDE_IN_FRAMEWORK_HEADER = YES;
				CLANG_WARN_RANGE_LOOP_ANALYSIS = YES;
				CLANG_WARN_STRICT_PROTOTYPES = YES;
				CLANG_WARN_SUSPICIOUS_MOVE = YES;
				CLANG_WARN_UNGUARDED_AVAILABILITY = YES_AGGRESSIVE;
				CLANG_WARN_UNREACHABLE_CODE = YES;
				CLANG_WARN__DUPLICATE_METHOD_MATCH = YES;
				COPY_PHASE_STRIP = NO;
				DEBUG_INFORMATION_FORMAT = "dwarf-with-dsym";
				ENABLE_NS_ASSERTIONS = NO;
				ENABLE_STRICT_OBJC_MSGSEND = YES;
				ENABLE_USER_SCRIPT_SANDBOXING = YES;
				GCC_C_LANGUAGE_STANDARD = gnu17;
				GCC_NO_COMMON_BLOCKS = YES;
				GCC_WARN_64_TO_32_BIT_CONVERSION = YES;
				GCC_WARN_ABOUT_RETURN_TYPE = YES_ERROR;
				GCC_WARN_UNDECLARED_SELECTOR = YES;
				GCC_WARN_UNINITIALIZED_AUTOS = YES_AGGRESSIVE;
				GCC_WARN_UNUSED_FUNCTION = YES;
				GCC_WARN_UNUSED_VARIABLE = YES;
				IPHONEOS_DEPLOYMENT_TARGET = 17.2;
				LOCALIZATION_PREFERS_STRING_CATALOGS = YES;
				MTL_ENABLE_DEBUG_INFO = NO;
				MTL_FAST_MATH = YES;
				SDKROOT = iphoneos;
				SWIFT_COMPILATION_MODE = wholemodule;
				VALIDATE_PRODUCT = YES;
			};
			name = Release;
		};
		8D76C4942BD8FC9000467CD1 /* Debug */ = {
			isa = XCBuildConfiguration;
			buildSettings = {
				ASSETCATALOG_COMPILER_APPICON_NAME = AppIcon;
				ASSETCATALOG_COMPILER_GLOBAL_ACCENT_COLOR_NAME = AccentColor;
				CODE_SIGN_STYLE = Automatic;
				CURRENT_PROJECT_VERSION = 1;
				DEVELOPMENT_TEAM = 8HZT3TR2ZJ;
				GENERATE_INFOPLIST_FILE = YES;
				INFOPLIST_FILE = CombineIntro/Info.plist;
				INFOPLIST_KEY_UIApplicationSupportsIndirectInputEvents = YES;
				INFOPLIST_KEY_UILaunchStoryboardName = LaunchScreen;
				INFOPLIST_KEY_UIMainStoryboardFile = Main;
				INFOPLIST_KEY_UISupportedInterfaceOrientations_iPad = "UIInterfaceOrientationPortrait UIInterfaceOrientationPortraitUpsideDown UIInterfaceOrientationLandscapeLeft UIInterfaceOrientationLandscapeRight";
				INFOPLIST_KEY_UISupportedInterfaceOrientations_iPhone = "UIInterfaceOrientationPortrait UIInterfaceOrientationLandscapeLeft UIInterfaceOrientationLandscapeRight";
				LD_RUNPATH_SEARCH_PATHS = (
					"$(inherited)",
					"@executable_path/Frameworks",
				);
				MARKETING_VERSION = 1.0;
				PRODUCT_BUNDLE_IDENTIFIER = "Wellbeing-Vantage.CombineIntro";
				PRODUCT_NAME = "$(TARGET_NAME)";
				SWIFT_EMIT_LOC_STRINGS = YES;
				SWIFT_VERSION = 5.0;
				TARGETED_DEVICE_FAMILY = "1,2";
			};
			name = Debug;
		};
		8D76C4952BD8FC9000467CD1 /* Release */ = {
			isa = XCBuildConfiguration;
			buildSettings = {
				ASSETCATALOG_COMPILER_APPICON_NAME = AppIcon;
				ASSETCATALOG_COMPILER_GLOBAL_ACCENT_COLOR_NAME = AccentColor;
				CODE_SIGN_STYLE = Automatic;
				CURRENT_PROJECT_VERSION = 1;
				DEVELOPMENT_TEAM = 8HZT3TR2ZJ;
				GENERATE_INFOPLIST_FILE = YES;
				INFOPLIST_FILE = CombineIntro/Info.plist;
				INFOPLIST_KEY_UIApplicationSupportsIndirectInputEvents = YES;
				INFOPLIST_KEY_UILaunchStoryboardName = LaunchScreen;
				INFOPLIST_KEY_UIMainStoryboardFile = Main;
				INFOPLIST_KEY_UISupportedInterfaceOrientations_iPad = "UIInterfaceOrientationPortrait UIInterfaceOrientationPortraitUpsideDown UIInterfaceOrientationLandscapeLeft UIInterfaceOrientationLandscapeRight";
				INFOPLIST_KEY_UISupportedInterfaceOrientations_iPhone = "UIInterfaceOrientationPortrait UIInterfaceOrientationLandscapeLeft UIInterfaceOrientationLandscapeRight";
				LD_RUNPATH_SEARCH_PATHS = (
					"$(inherited)",
					"@executable_path/Frameworks",
				);
				MARKETING_VERSION = 1.0;
				PRODUCT_BUNDLE_IDENTIFIER = "Wellbeing-Vantage.CombineIntro";
				PRODUCT_NAME = "$(TARGET_NAME)";
				SWIFT_EMIT_LOC_STRINGS = YES;
				SWIFT_VERSION = 5.0;
				TARGETED_DEVICE_FAMILY = "1,2";
			};
			name = Release;
		};
		8D76C4972BD8FC9000467CD1 /* Debug */ = {
			isa = XCBuildConfiguration;
			buildSettings = {
				ALWAYS_EMBED_SWIFT_STANDARD_LIBRARIES = YES;
				BUNDLE_LOADER = "$(TEST_HOST)";
				CODE_SIGN_STYLE = Automatic;
				CURRENT_PROJECT_VERSION = 1;
				DEVELOPMENT_TEAM = 8HZT3TR2ZJ;
				GENERATE_INFOPLIST_FILE = YES;
				IPHONEOS_DEPLOYMENT_TARGET = 17.2;
				MARKETING_VERSION = 1.0;
				PRODUCT_BUNDLE_IDENTIFIER = "Wellbeing-Vantage.CombineIntroTests";
				PRODUCT_NAME = "$(TARGET_NAME)";
				SWIFT_EMIT_LOC_STRINGS = NO;
				SWIFT_VERSION = 5.0;
				TARGETED_DEVICE_FAMILY = "1,2";
				TEST_HOST = "$(BUILT_PRODUCTS_DIR)/CombineIntro.app/$(BUNDLE_EXECUTABLE_FOLDER_PATH)/CombineIntro";
			};
			name = Debug;
		};
		8D76C4982BD8FC9000467CD1 /* Release */ = {
			isa = XCBuildConfiguration;
			buildSettings = {
				ALWAYS_EMBED_SWIFT_STANDARD_LIBRARIES = YES;
				BUNDLE_LOADER = "$(TEST_HOST)";
				CODE_SIGN_STYLE = Automatic;
				CURRENT_PROJECT_VERSION = 1;
				DEVELOPMENT_TEAM = 8HZT3TR2ZJ;
				GENERATE_INFOPLIST_FILE = YES;
				IPHONEOS_DEPLOYMENT_TARGET = 17.2;
				MARKETING_VERSION = 1.0;
				PRODUCT_BUNDLE_IDENTIFIER = "Wellbeing-Vantage.CombineIntroTests";
				PRODUCT_NAME = "$(TARGET_NAME)";
				SWIFT_EMIT_LOC_STRINGS = NO;
				SWIFT_VERSION = 5.0;
				TARGETED_DEVICE_FAMILY = "1,2";
				TEST_HOST = "$(BUILT_PRODUCTS_DIR)/CombineIntro.app/$(BUNDLE_EXECUTABLE_FOLDER_PATH)/CombineIntro";
			};
			name = Release;
		};
		8D76C49A2BD8FC9000467CD1 /* Debug */ = {
			isa = XCBuildConfiguration;
			buildSettings = {
				ALWAYS_EMBED_SWIFT_STANDARD_LIBRARIES = YES;
				CODE_SIGN_STYLE = Automatic;
				CURRENT_PROJECT_VERSION = 1;
				DEVELOPMENT_TEAM = 8HZT3TR2ZJ;
				GENERATE_INFOPLIST_FILE = YES;
				MARKETING_VERSION = 1.0;
				PRODUCT_BUNDLE_IDENTIFIER = "Wellbeing-Vantage.CombineIntroUITests";
				PRODUCT_NAME = "$(TARGET_NAME)";
				SWIFT_EMIT_LOC_STRINGS = NO;
				SWIFT_VERSION = 5.0;
				TARGETED_DEVICE_FAMILY = "1,2";
				TEST_TARGET_NAME = CombineIntro;
			};
			name = Debug;
		};
		8D76C49B2BD8FC9000467CD1 /* Release */ = {
			isa = XCBuildConfiguration;
			buildSettings = {
				ALWAYS_EMBED_SWIFT_STANDARD_LIBRARIES = YES;
				CODE_SIGN_STYLE = Automatic;
				CURRENT_PROJECT_VERSION = 1;
				DEVELOPMENT_TEAM = 8HZT3TR2ZJ;
				GENERATE_INFOPLIST_FILE = YES;
				MARKETING_VERSION = 1.0;
				PRODUCT_BUNDLE_IDENTIFIER = "Wellbeing-Vantage.CombineIntroUITests";
				PRODUCT_NAME = "$(TARGET_NAME)";
				SWIFT_EMIT_LOC_STRINGS = NO;
				SWIFT_VERSION = 5.0;
				TARGETED_DEVICE_FAMILY = "1,2";
				TEST_TARGET_NAME = CombineIntro;
			};
			name = Release;
		};
/* End XCBuildConfiguration section */

/* Begin XCConfigurationList section */
		8D76C4612BD8FC8F00467CD1 /* Build configuration list for PBXProject "CombineIntro" */ = {
			isa = XCConfigurationList;
			buildConfigurations = (
				8D76C4912BD8FC9000467CD1 /* Debug */,
				8D76C4922BD8FC9000467CD1 /* Release */,
			);
			defaultConfigurationIsVisible = 0;
			defaultConfigurationName = Release;
		};
		8D76C4932BD8FC9000467CD1 /* Build configuration list for PBXNativeTarget "CombineIntro" */ = {
			isa = XCConfigurationList;
			buildConfigurations = (
				8D76C4942BD8FC9000467CD1 /* Debug */,
				8D76C4952BD8FC9000467CD1 /* Release */,
			);
			defaultConfigurationIsVisible = 0;
			defaultConfigurationName = Release;
		};
		8D76C4962BD8FC9000467CD1 /* Build configuration list for PBXNativeTarget "CombineIntroTests" */ = {
			isa = XCConfigurationList;
			buildConfigurations = (
				8D76C4972BD8FC9000467CD1 /* Debug */,
				8D76C4982BD8FC9000467CD1 /* Release */,
			);
			defaultConfigurationIsVisible = 0;
			defaultConfigurationName = Release;
		};
		8D76C4992BD8FC9000467CD1 /* Build configuration list for PBXNativeTarget "CombineIntroUITests" */ = {
			isa = XCConfigurationList;
			buildConfigurations = (
				8D76C49A2BD8FC9000467CD1 /* Debug */,
				8D76C49B2BD8FC9000467CD1 /* Release */,
			);
			defaultConfigurationIsVisible = 0;
			defaultConfigurationName = Release;
		};
/* End XCConfigurationList section */

/* Begin XCVersionGroup section */
		8D76C4722BD8FC8F00467CD1 /* CombineIntro.xcdatamodeld */ = {
			isa = XCVersionGroup;
			children = (
				8D76C4732BD8FC8F00467CD1 /* CombineIntro.xcdatamodel */,
			);
			currentVersion = 8D76C4732BD8FC8F00467CD1 /* CombineIntro.xcdatamodel */;
			path = CombineIntro.xcdatamodeld;
			sourceTree = "<group>";
			versionGroupType = wrapper.xcdatamodel;
		};
/* End XCVersionGroup section */
	};
	rootObject = 8D76C45E2BD8FC8F00467CD1 /* Project object */;
}
